
Microsoft Visual Studio Solution File, Format Version 12.00
# Visual Studio Version 17
VisualStudioVersion = 17.5.002.0
MinimumVisualStudioVersion = 10.0.40219.1
Project("{9A19103F-16F7-4668-BE54-9A1E7A4F7556}") = "myProjectC", "myProjectC.csproj", "{CEC3C769-1260-45A3-8C5D-18A83C6CB8BB}"
EndProject
Global
	GlobalSection(SolutionConfigurationPlatforms) = preSolution
		Debug|Any CPU = Debug|Any CPU
		Release|Any CPU = Release|Any CPU
	EndGlobalSection
	GlobalSection(ProjectConfigurationPlatforms) = postSolution
		{CEC3C769-1260-45A3-8C5D-18A83C6CB8BB}.Debug|Any CPU.ActiveCfg = Debug|Any CPU
		{CEC3C769-1260-45A3-8C5D-18A83C6CB8BB}.Debug|Any CPU.Build.0 = Debug|Any CPU
		{CEC3C769-1260-45A3-8C5D-18A83C6CB8BB}.Release|Any CPU.ActiveCfg = Release|Any CPU
		{CEC3C769-1260-45A3-8C5D-18A83C6CB8BB}.Release|Any CPU.Build.0 = Release|Any CPU
	EndGlobalSection
	GlobalSection(SolutionProperties) = preSolution
		HideSolutionNode = FALSE
	EndGlobalSection
	GlobalSection(ExtensibilityGlobals) = postSolution
		SolutionGuid = {0E9BF5E6-375E-4BC5-BD5B-B3AA1467B5AC}
	EndGlobalSection
EndGlobal
